// !$*UTF8*$!
{
	archiveVersion = 1;
	classes = {
	};
	objectVersion = 46;
	objects = {

/* Begin PBXBuildFile section */
		AC771F3F1FF33CA7006FE821 /* main.m in Sources */ = {isa = PBXBuildFile; fileRef = AC771F3E1FF33CA7006FE821 /* main.m */; };
		AC771F421FF33CA7006FE821 /* AppDelegate.m in Sources */ = {isa = PBXBuildFile; fileRef = AC771F411FF33CA7006FE821 /* AppDelegate.m */; };
		AC771F451FF33CA7006FE821 /* ViewController.m in Sources */ = {isa = PBXBuildFile; fileRef = AC771F441FF33CA7006FE821 /* ViewController.m */; };
		AC771F481FF33CA7006FE821 /* Main.storyboard in Resources */ = {isa = PBXBuildFile; fileRef = AC771F461FF33CA7006FE821 /* Main.storyboard */; };
		AC771F4A1FF33CA7006FE821 /* Assets.xcassets in Resources */ = {isa = PBXBuildFile; fileRef = AC771F491FF33CA7006FE821 /* Assets.xcassets */; };
		AC771F4D1FF33CA7006FE821 /* LaunchScreen.storyboard in Resources */ = {isa = PBXBuildFile; fileRef = AC771F4B1FF33CA7006FE821 /* LaunchScreen.storyboard */; };
/* End PBXBuildFile section */

/* Begin PBXFileReference section */
		AC771F3A1FF33CA7006FE821 /* KYTextView.app */ = {isa = PBXFileReference; explicitFileType = wrapper.application; includeInIndex = 0; path = KYTextView.app; sourceTree = BUILT_PRODUCTS_DIR; };
		AC771F3E1FF33CA7006FE821 /* main.m */ = {isa = PBXFileReference; lastKnownFileType = sourcecode.c.objc; path = main.m; sourceTree = "<group>"; };
		AC771F401FF33CA7006FE821 /* AppDelegate.h */ = {isa = PBXFileReference; lastKnownFileType = sourcecode.c.h; path = AppDelegate.h; sourceTree = "<group>"; };
		AC771F411FF33CA7006FE821 /* AppDelegate.m */ = {isa = PBXFileReference; lastKnownFileType = sourcecode.c.objc; path = AppDelegate.m; sourceTree = "<group>"; };
		AC771F431FF33CA7006FE821 /* ViewController.h */ = {isa = PBXFileReference; lastKnownFileType = sourcecode.c.h; path = ViewController.h; sourceTree = "<group>"; };
		AC771F441FF33CA7006FE821 /* ViewController.m */ = {isa = PBXFileReference; lastKnownFileType = sourcecode.c.objc; path = ViewController.m; sourceTree = "<group>"; };
		AC771F471FF33CA7006FE821 /* Base */ = {isa = PBXFileReference; lastKnownFileType = file.storyboard; name = Base; path = Base.lproj/Main.storyboard; sourceTree = "<group>"; };
		AC771F491FF33CA7006FE821 /* Assets.xcassets */ = {isa = PBXFileReference; lastKnownFileType = folder.assetcatalog; path = Assets.xcassets; sourceTree = "<group>"; };
		AC771F4C1FF33CA7006FE821 /* Base */ = {isa = PBXFileReference; lastKnownFileType = file.storyboard; name = Base; path = Base.lproj/LaunchScreen.storyboard; sourceTree = "<group>"; };
		AC771F4E1FF33CA7006FE821 /* Info.plist */ = {isa = PBXFileReference; lastKnownFileType = text.plist.xml; path = Info.plist; sourceTree = "<group>"; };
/* End PBXFileReference section */

/* Begin PBXFrameworksBuildPhase section */
		AC771F371FF33CA7006FE821 /* Frameworks */ = {
			isa = PBXFrameworksBuildPhase;
			buildActionMask = 2147483647;
			files = (
			);
			runOnlyForDeploymentPostprocessing = 0;
		};
/* End PBXFrameworksBuildPhase section */

/* Begin PBXGroup section */
		AC771F311FF33CA7006FE821 = {
			isa = PBXGroup;
			children = (
				AC771F3C1FF33CA7006FE821 /* KYTextView */,
				AC771F3B1FF33CA7006FE821 /* Products */,
			);
			sourceTree = "<group>";
		};
		AC771F3B1FF33CA7006FE821 /* Products */ = {
			isa = PBXGroup;
			children = (
				AC771F3A1FF33CA7006FE821 /* KYTextView.app */,
			);
			name = Products;
			sourceTree = "<group>";
		};
		AC771F3C1FF33CA7006FE821 /* KYTextView */ = {
			isa = PBXGroup;
			children = (
				AC771F401FF33CA7006FE821 /* AppDelegate.h */,
				AC771F411FF33CA7006FE821 /* AppDelegate.m */,
				AC771F431FF33CA7006FE821 /* ViewController.h */,
				AC771F441FF33CA7006FE821 /* ViewController.m */,
				AC771F461FF33CA7006FE821 /* Main.storyboard */,
				AC771F491FF33CA7006FE821 /* Assets.xcassets */,
				AC771F4B1FF33CA7006FE821 /* LaunchScreen.storyboard */,
				AC771F4E1FF33CA7006FE821 /* Info.plist */,
				AC771F3D1FF33CA7006FE821 /* Supporting Files */,
			);
			path = KYTextView;
			sourceTree = "<group>";
		};
		AC771F3D1FF33CA7006FE821 /* Supporting Files */ = {
			isa = PBXGroup;
			children = (
				AC771F3E1FF33CA7006FE821 /* main.m */,
			);
			name = "Supporting Files";
			sourceTree = "<group>";
		};
/* End PBXGroup section */

/* Begin PBXNativeTarget section */
		AC771F391FF33CA7006FE821 /* KYTextView */ = {
			isa = PBXNativeTarget;
			buildConfigurationList = AC771F511FF33CA7006FE821 /* Build configuration list for PBXNativeTarget "KYTextView" */;
			buildPhases = (
				AC771F361FF33CA7006FE821 /* Sources */,
				AC771F371FF33CA7006FE821 /* Frameworks */,
				AC771F381FF33CA7006FE821 /* Resources */,
			);
			buildRules = (
			);
			dependencies = (
			);
			name = KYTextView;
			productName = KYTextView;
			productReference = AC771F3A1FF33CA7006FE821 /* KYTextView.app */;
			productType = "com.apple.product-type.application";
		};
/* End PBXNativeTarget section */

/* Begin PBXProject section */
		AC771F321FF33CA7006FE821 /* Project object */ = {
			isa = PBXProject;
			attributes = {
				LastUpgradeCheck = 0820;
				ORGANIZATIONNAME = "康义";
				TargetAttributes = {
					AC771F391FF33CA7006FE821 = {
						CreatedOnToolsVersion = 8.2.1;
						DevelopmentTeam = 6H6RGPGPNQ;
						ProvisioningStyle = Automatic;
					};
				};
			};
			buildConfigurationList = AC771F351FF33CA7006FE821 /* Build configuration list for PBXProject "KYTextView" */;
			compatibilityVersion = "Xcode 3.2";
			developmentRegion = English;
			hasScannedForEncodings = 0;
			knownRegions = (
				en,
				Base,
			);
			mainGroup = AC771F311FF33CA7006FE821;
			productRefGroup = AC771F3B1FF33CA7006FE821 /* Products */;
			projectDirPath = "";
			projectRoot = "";
			targets = (
				AC771F391FF33CA7006FE821 /* KYTextView */,
			);
		};
/* End PBXProject section */

/* Begin PBXResourcesBuildPhase section */
		AC771F381FF33CA7006FE821 /* Resources */ = {
			isa = PBXResourcesBuildPhase;
			buildActionMask = 2147483647;
			files = (
				AC771F4D1FF33CA7006FE821 /* LaunchScreen.storyboard in Resources */,
				AC771F4A1FF33CA7006FE821 /* Assets.xcassets in Resources */,
				AC771F481FF33CA7006FE821 /* Main.storyboard in Resources */,
			);
			runOnlyForDeploymentPostprocessing = 0;
		};
/* End PBXResourcesBuildPhase section */

/* Begin PBXSourcesBuildPhase section */
		AC771F361FF33CA7006FE821 /* Sources */ = {
			isa = PBXSourcesBuildPhase;
			buildActionMask = 2147483647;
			files = (
				AC771F451FF33CA7006FE821 /* ViewController.m in Sources */,
				AC771F421FF33CA7006FE821 /* AppDelegate.m in Sources */,
				AC771F3F1FF33CA7006FE821 /* main.m in Sources */,
			);
			runOnlyForDeploymentPostprocessing = 0;
		};
/* End PBXSourcesBuildPhase section */

/* Begin PBXVariantGroup section */
		AC771F461FF33CA7006FE821 /* Main.storyboard */ = {
			isa = PBXVariantGroup;
			children = (
				AC771F471FF33CA7006FE821 /* Base */,
			);
			name = Main.storyboard;
			sourceTree = "<group>";
		};
		AC771F4B1FF33CA7006FE821 /* LaunchScreen.storyboard */ = {
			isa = PBXVariantGroup;
			children = (
				AC771F4C1FF33CA7006FE821 /* Base */,
			);
			name = LaunchScreen.storyboard;
			sourceTree = "<group>";
		};
/* End PBXVariantGroup section */

/* Begin XCBuildConfiguration section */
		AC771F4F1FF33CA7006FE821 /* Debug */ = {
			isa = XCBuildConfiguration;
			buildSettings = {
				ALWAYS_SEARCH_USER_PATHS = NO;
				CLANG_ANALYZER_NONNULL = YES;
				CLANG_CXX_LANGUAGE_STANDARD = "gnu++0x";
				CLANG_CXX_LIBRARY = "libc++";
				CLANG_ENABLE_MODULES = YES;
				CLANG_ENABLE_OBJC_ARC = YES;
				CLANG_WARN_BOOL_CONVERSION = YES;
				CLANG_WARN_CONSTANT_CONVERSION = YES;
				CLANG_WARN_DIRECT_OBJC_ISA_USAGE = YES_ERROR;
				CLANG_WARN_DOCUMENTATION_COMMENTS = YES;
				CLANG_WARN_EMPTY_BODY = YES;
				CLANG_WARN_ENUM_CONVERSION = YES;
				CLANG_WARN_INFINITE_RECURSION = YES;
				CLANG_WARN_INT_CONVERSION = YES;
				CLANG_WARN_OBJC_ROOT_CLASS = YES_ERROR;
				CLANG_WARN_SUSPICIOUS_MOVE = YES;
				CLANG_WARN_UNREACHABLE_CODE = YES;
				CLANG_WARN__DUPLICATE_METHOD_MATCH = YES;
				"CODE_SIGN_IDENTITY[sdk=iphoneos*]" = "iPhone Developer";
				COPY_PHASE_STRIP = NO;
				DEBUG_INFORMATION_FORMAT = dwarf;
				ENABLE_STRICT_OBJC_MSGSEND = YES;
				ENABLE_TESTABILITY = YES;
				GCC_C_LANGUAGE_STANDARD = gnu99;
				GCC_DYNAMIC_NO_PIC = NO;
				GCC_NO_COMMON_BLOCKS = YES;
				GCC_OPTIMIZATION_LEVEL = 0;
				GCC_PREPROCESSOR_DEFINITIONS = (
					"DEBUG=1",
					"$(inherited)",
				);
				GCC_WARN_64_TO_32_BIT_CONVERSION = YES;
				GCC_WARN_ABOUT_RETURN_TYPE = YES_ERROR;
				GCC_WARN_UNDECLARED_SELECTOR = YES;
				GCC_WARN_UNINITIALIZED_AUTOS = YES_AGGRESSIVE;
				GCC_WARN_UNUSED_FUNCTION = YES;
				GCC_WARN_UNUSED_VARIABLE = YES;
				IPHONEOS_DEPLOYMENT_TARGET = 10.2;
				MTL_ENABLE_DEBUG_INFO = YES;
				ONLY_ACTIVE_ARCH = YES;
				SDKROOT = iphoneos;
			};
			name = Debug;
		};
		AC771F501FF33CA7006FE821 /* Release */ = {
			isa = XCBuildConfiguration;
			buildSettings = {
				ALWAYS_SEARCH_USER_PATHS = NO;
				CLANG_ANALYZER_NONNULL = YES;
				CLANG_CXX_LANGUAGE_STANDARD = "gnu++0x";
				CLANG_CXX_LIBRARY = "libc++";
				CLANG_ENABLE_MODULES = YES;
				CLANG_ENABLE_OBJC_ARC = YES;
				CLANG_WARN_BOOL_CONVERSION = YES;
				CLANG_WARN_CONSTANT_CONVERSION = YES;
				CLANG_WARN_DIRECT_OBJC_ISA_USAGE = YES_ERROR;
				CLANG_WARN_DOCUMENTATION_COMMENTS = YES;
				CLANG_WARN_EMPTY_BODY = YES;
				CLANG_WARN_ENUM_CONVERSION = YES;
				CLANG_WARN_INFINITE_RECURSION = YES;
				CLANG_WARN_INT_CONVERSION = YES;
				CLANG_WARN_OBJC_ROOT_CLASS = YES_ERROR;
				CLANG_WARN_SUSPICIOUS_MOVE = YES;
				CLANG_WARN_UNREACHABLE_CODE = YES;
				CLANG_WARN__DUPLICATE_METHOD_MATCH = YES;
				"CODE_SIGN_IDENTITY[sdk=iphoneos*]" = "iPhone Developer";
				COPY_PHASE_STRIP = NO;
				DEBUG_INFORMATION_FORMAT = "dwarf-with-dsym";
				ENABLE_NS_ASSERTIONS = NO;
				ENABLE_STRICT_OBJC_MSGSEND = YES;
				GCC_C_LANGUAGE_STANDARD = gnu99;
				GCC_NO_COMMON_BLOCKS = YES;
				GCC_WARN_64_TO_32_BIT_CONVERSION = YES;
				GCC_WARN_ABOUT_RETURN_TYPE = YES_ERROR;
				GCC_WARN_UNDECLARED_SELECTOR = YES;
				GCC_WARN_UNINITIALIZED_AUTOS = YES_AGGRESSIVE;
				GCC_WARN_UNUSED_FUNCTION = YES;
				GCC_WARN_UNUSED_VARIABLE = YES;
				IPHONEOS_DEPLOYMENT_TARGET = 10.2;
				MTL_ENABLE_DEBUG_INFO = NO;
				SDKROOT = iphoneos;
				VALIDATE_PRODUCT = YES;
			};
			name = Release;
		};
		AC771F521FF33CA7006FE821 /* Debug */ = {
			isa = XCBuildConfiguration;
			buildSettings = {
				ASSETCATALOG_COMPILER_APPICON_NAME = AppIcon;
				DEVELOPMENT_TEAM = 6H6RGPGPNQ;
				INFOPLIST_FILE = KYTextView/Info.plist;
				LD_RUNPATH_SEARCH_PATHS = "$(inherited) @executable_path/Frameworks";
				PRODUCT_BUNDLE_IDENTIFIER = com.kangyi.KYTextView;
				PRODUCT_NAME = "$(TARGET_NAME)";
			};
			name = Debug;
		};
		AC771F531FF33CA7006FE821 /* Release */ = {
			isa = XCBuildConfiguration;
			buildSettings = {
				ASSETCATALOG_COMPILER_APPICON_NAME = AppIcon;
				DEVELOPMENT_TEAM = 6H6RGPGPNQ;
				INFOPLIST_FILE = KYTextView/Info.plist;
				LD_RUNPATH_SEARCH_PATHS = "$(inherited) @executable_path/Frameworks";
				PRODUCT_BUNDLE_IDENTIFIER = com.kangyi.KYTextView;
				PRODUCT_NAME = "$(TARGET_NAME)";
			};
			name = Release;
		};
/* End XCBuildConfiguration section */

/* Begin XCConfigurationList section */
		AC771F351FF33CA7006FE821 /* Build configuration list for PBXProject "KYTextView" */ = {
			isa = XCConfigurationList;
			buildConfigurations = (
				AC771F4F1FF33CA7006FE821 /* Debug */,
				AC771F501FF33CA7006FE821 /* Release */,
			);
			defaultConfigurationIsVisible = 0;
			defaultConfigurationName = Release;
		};
		AC771F511FF33CA7006FE821 /* Build configuration list for PBXNativeTarget "KYTextView" */ = {
			isa = XCConfigurationList;
			buildConfigurations = (
				AC771F521FF33CA7006FE821 /* Debug */,
				AC771F531FF33CA7006FE821 /* Release */,
			);
			defaultConfigurationIsVisible = 0;
		};
/* End XCConfigurationList section */
	};
	rootObject = AC771F321FF33CA7006FE821 /* Project object */;
}
